// !$*UTF8*$!
{
	archiveVersion = 1;
	classes = {
	};
	objectVersion = 77;
	objects = {

/* Begin PBXBuildFile section */
		09E10F1A0D1983E7DB7793B4 /* GuidedCaptureQualityTests.swift in Sources */ = {isa = PBXBuildFile; fileRef = 2F46ED8C6E320A7232ABF51B /* GuidedCaptureQualityTests.swift */; };
		0EEDFCB229045A5C940C2939 /* ActionsView.swift in Sources */ = {isa = PBXBuildFile; fileRef = A97EBF4CF3FB1FDC49D34746 /* ActionsView.swift */; };
		19ECF1C908E1DC380AFC3095 /* Diagnostics.swift in Sources */ = {isa = PBXBuildFile; fileRef = 492D7EE2BCEE6E717C17A286 /* Diagnostics.swift */; };
		1A7140D99AD013AE281F058F /* SidetapCore.framework in Embed Frameworks */ = {isa = PBXBuildFile; fileRef = AFAB67B983DE148D0D663997 /* SidetapCore.framework */; settings = {ATTRIBUTES = (CodeSignOnCopy, RemoveHeadersOnCopy, ); }; };
		1E1AA92DE8DFE1F7D69B860D /* FFT.swift in Sources */ = {isa = PBXBuildFile; fileRef = A4C3BF9E99A95B67FD80160B /* FFT.swift */; };
		1F4C14B96B9D725784100431 /* PipelineIntegrationTests.swift in Sources */ = {isa = PBXBuildFile; fileRef = 5F6B30406B35AE8791394D8D /* PipelineIntegrationTests.swift */; };
		2286F6FE9C3061C0C783ADBD /* LocalActionPlanning.swift in Sources */ = {isa = PBXBuildFile; fileRef = A8ECA9641C0EFBA3C06514E7 /* LocalActionPlanning.swift */; };
		229D003907E76FB3140C07DE /* GuidedSessions.swift in Sources */ = {isa = PBXBuildFile; fileRef = 82229A3956A5C984FAF896A1 /* GuidedSessions.swift */; };
		24EDCC7BD7AF5FED8AD9DA5B /* LiveSurfaceView.swift in Sources */ = {isa = PBXBuildFile; fileRef = CC7D6221FFCDBC3B366BD8AD /* LiveSurfaceView.swift */; };
		347136299276E5FD6A3F04F5 /* SidetapCore.framework in Frameworks */ = {isa = PBXBuildFile; fileRef = AFAB67B983DE148D0D663997 /* SidetapCore.framework */; };
		353A11DD94D5EE838AD8A46B /* GuidedNavigationGate.swift in Sources */ = {isa = PBXBuildFile; fileRef = A5012680E0322780B6657961 /* GuidedNavigationGate.swift */; };
		38DCC9AAE8BD680BB4AE976C /* SidetapCore.framework in Embed Frameworks */ = {isa = PBXBuildFile; fileRef = AFAB67B983DE148D0D663997 /* SidetapCore.framework */; settings = {ATTRIBUTES = (CodeSignOnCopy, RemoveHeadersOnCopy, ); }; };
		38E2EDA865F73248A7D7EBD1 /* SensingStrategyResolver.swift in Sources */ = {isa = PBXBuildFile; fileRef = 275326761C8AC578ADFBF447 /* SensingStrategyResolver.swift */; };
		3BB01E7DDCE835DBAB622D24 /* SidetapCore.framework in Frameworks */ = {isa = PBXBuildFile; fileRef = AFAB67B983DE148D0D663997 /* SidetapCore.framework */; };
		3F17F0942942E61E335A9ABD /* ImpactEventGate.swift in Sources */ = {isa = PBXBuildFile; fileRef = FAFA8076F05DCA5F7B23792A /* ImpactEventGate.swift */; };
		42CAEB0DB9ADEFFC9AB789AA /* DiagnosticsView.swift in Sources */ = {isa = PBXBuildFile; fileRef = B5CF1B56A2E2ECE5105AAA9A /* DiagnosticsView.swift */; };
		43FE61449EE86FD2C64911CF /* DetectorTests.swift in Sources */ = {isa = PBXBuildFile; fileRef = 8493AA35B1B2AC9F42CD0766 /* DetectorTests.swift */; };
		459702AC45945CDF7B91150B /* SidetapTheme.swift in Sources */ = {isa = PBXBuildFile; fileRef = E4B33FD2631209DB577DD107 /* SidetapTheme.swift */; };
		47B9B23770990A2CDEA722CE /* TapClassifier.swift in Sources */ = {isa = PBXBuildFile; fileRef = 987B0D73601671FA39FDF5C5 /* TapClassifier.swift */; };
		4FF71DAAC546FF59F4E7A5FF /* SidetapCore.framework in Embed Frameworks */ = {isa = PBXBuildFile; fileRef = AFAB67B983DE148D0D663997 /* SidetapCore.framework */; settings = {ATTRIBUTES = (CodeSignOnCopy, RemoveHeadersOnCopy, ); }; };
		53038B0C23D54B4D2D9A8997 /* AppModel.swift in Sources */ = {isa = PBXBuildFile; fileRef = 967A57DD03A6CD468FBED420 /* AppModel.swift */; };
		545DE6DE29AEEB15BED7A351 /* CalibrationView.swift in Sources */ = {isa = PBXBuildFile; fileRef = B0AC7AA3C9AF9C63377C8DCD /* CalibrationView.swift */; };
		5B50B2ED482C9B9AFAB129D6 /* RootView.swift in Sources */ = {isa = PBXBuildFile; fileRef = 91B3B71385E0540FC0394927 /* RootView.swift */; };
		5C8A5F3F7913B262ACDEC9E8 /* ActiveProbeTests.swift in Sources */ = {isa = PBXBuildFile; fileRef = 24988D872F4624CBF6B803EF /* ActiveProbeTests.swift */; };
		5FDE88A8BC8F8073277EB5C4 /* AppIcon.icns in Resources */ = {isa = PBXBuildFile; fileRef = 12C028A866E9B699D472293B /* AppIcon.icns */; };
		6CF10E43CA83D399AA719BCD /* AudioHardwarePolicyTests.swift in Sources */ = {isa = PBXBuildFile; fileRef = 7BDAC54E130288E93B17B81E /* AudioHardwarePolicyTests.swift */; };
		6F159ED6476B44B88475B596 /* main.swift in Sources */ = {isa = PBXBuildFile; fileRef = 519E5DF8D0FE5BEE8E0582CF /* main.swift */; };
		760404F142974394C44CBEA4 /* SensingStrategyResolver.swift in Sources */ = {isa = PBXBuildFile; fileRef = 275326761C8AC578ADFBF447 /* SensingStrategyResolver.swift */; };
		7C28F36F62421E74D6385A9B /* PersistenceTests.swift in Sources */ = {isa = PBXBuildFile; fileRef = BE3C58A07DBBB01F485637EA /* PersistenceTests.swift */; };
		8CF7A3ED4E2E7B7F2CF3722D /* GuidedNavigationGateTests.swift in Sources */ = {isa = PBXBuildFile; fileRef = ABEE66227771EFBB57C11CA5 /* GuidedNavigationGateTests.swift */; };
		95FF8AA84DC9C85F4F871939 /* SidetapCore.framework in Frameworks */ = {isa = PBXBuildFile; fileRef = AFAB67B983DE148D0D663997 /* SidetapCore.framework */; };
		96614F7E7780FBE69A7E3737 /* SystemAudioRoute.swift in Sources */ = {isa = PBXBuildFile; fileRef = 5D8854682908901807369425 /* SystemAudioRoute.swift */; };
		9BCB7527811372CBEF6BFBE8 /* FeatureExtractorTests.swift in Sources */ = {isa = PBXBuildFile; fileRef = 70AE45F3744F597684C0349C /* FeatureExtractorTests.swift */; };
		9BEA4BA99798B008C70230A2 /* AppSection.swift in Sources */ = {isa = PBXBuildFile; fileRef = FB7D75E14454C472BB0F2D2A /* AppSection.swift */; };
		9D1A6B11DC6155361C09E223 /* main.swift in Sources */ = {isa = PBXBuildFile; fileRef = D968A033B85A0B6DBBB916BD /* main.swift */; };
		A03BD5798AAFB0D98FCE670E /* SidetapApp.swift in Sources */ = {isa = PBXBuildFile; fileRef = A0E165063EEAA4E5BC465E57 /* SidetapApp.swift */; };
		AC8442D15DC2FA6EC3050CB1 /* GuidedSessionTests.swift in Sources */ = {isa = PBXBuildFile; fileRef = DAC0D2DBA5568627BF7CCF1E /* GuidedSessionTests.swift */; };
		B2FD8258B295CF3ACED5D567 /* Profile.swift in Sources */ = {isa = PBXBuildFile; fileRef = AC95D43C5898F74F1A38EFE7 /* Profile.swift */; };
		B7024A4E8EA582BC93F56D67 /* AudioTimeline.swift in Sources */ = {isa = PBXBuildFile; fileRef = EA6F201A855A3E46CB539052 /* AudioTimeline.swift */; };
		B957CA5B4B54191CFF8F9F22 /* SignalModels.swift in Sources */ = {isa = PBXBuildFile; fileRef = 6899D37D96824124D3E98766 /* SignalModels.swift */; };
		BC427AE8BD3B1C77A0AF3AAA /* TapFeatureExtractor.swift in Sources */ = {isa = PBXBuildFile; fileRef = 63048464087BE19C10EDB0B2 /* TapFeatureExtractor.swift */; };
		BDDD5A118E783AAC99FAB0CB /* SidetapCore.framework in Frameworks */ = {isa = PBXBuildFile; fileRef = AFAB67B983DE148D0D663997 /* SidetapCore.framework */; };
		BF41EAB752279BFDB6DFE6EE /* WaveFileWriter.swift in Sources */ = {isa = PBXBuildFile; fileRef = CCA2DFCEE0CC6AD981C9C0B6 /* WaveFileWriter.swift */; };
		C12F1211638F677E897130B9 /* StreamingTapDetector.swift in Sources */ = {isa = PBXBuildFile; fileRef = A4E1FA969E1126CD89D6AD7B /* StreamingTapDetector.swift */; };
		CA2DDF8BF9C45674062CC804 /* ClassifierTests.swift in Sources */ = {isa = PBXBuildFile; fileRef = BBD0B2F4F285D63F0E3B8181 /* ClassifierTests.swift */; };
		CAB69A867565DE169FEEF9F0 /* AudioCaptureService.swift in Sources */ = {isa = PBXBuildFile; fileRef = 5A64C7FC6B1505BF26F8FFBB /* AudioCaptureService.swift */; };
		D0126872DF134BCC216DCEC9 /* AsyncBooleanRequestGateTests.swift in Sources */ = {isa = PBXBuildFile; fileRef = 4786DA48B087197A4A22EF52 /* AsyncBooleanRequestGateTests.swift */; };
		D5580233AFB7305B655C34A3 /* ActiveProbe.swift in Sources */ = {isa = PBXBuildFile; fileRef = D3F4EC21A7B1F40CB17FB154 /* ActiveProbe.swift */; };
		D8A3AD4D9743DEFE7F73652C /* AudioTimelineTests.swift in Sources */ = {isa = PBXBuildFile; fileRef = A5E2B153B06E9160844B61BD /* AudioTimelineTests.swift */; };
		DC780B1AD35254C42A011FAA /* AppSection.swift in Sources */ = {isa = PBXBuildFile; fileRef = FB7D75E14454C472BB0F2D2A /* AppSection.swift */; };
		E0E683518133765687C8B68A /* LocalActions.swift in Sources */ = {isa = PBXBuildFile; fileRef = 67A3B7A0CE469D4140FD83A3 /* LocalActions.swift */; };
		E151C0C18FE9CF8F36F560D5 /* LocalActionPlannerTests.swift in Sources */ = {isa = PBXBuildFile; fileRef = 715644F25CFDCCDA7C655AF2 /* LocalActionPlannerTests.swift */; };
		E455A752059938D77F9CCA82 /* GuidedCaptureQuality.swift in Sources */ = {isa = PBXBuildFile; fileRef = CD8320CA579CA1615DB92770 /* GuidedCaptureQuality.swift */; };
		ECE3A621079FB883A6820922 /* GuidedNavigationGate.swift in Sources */ = {isa = PBXBuildFile; fileRef = A5012680E0322780B6657961 /* GuidedNavigationGate.swift */; };
		ED8F18BE3783D973BA54F8C1 /* SystemAudioRoute.swift in Sources */ = {isa = PBXBuildFile; fileRef = 5D8854682908901807369425 /* SystemAudioRoute.swift */; };
		EE7095E8DCDB683D643FF300 /* AudioHardwarePolicy.swift in Sources */ = {isa = PBXBuildFile; fileRef = D36289CFD5237BCCB7C1E6A4 /* AudioHardwarePolicy.swift */; };
		F155F122B37474A291FE7D98 /* AsyncBooleanRequestGate.swift in Sources */ = {isa = PBXBuildFile; fileRef = C47941F1351E55EFA5E81AB1 /* AsyncBooleanRequestGate.swift */; };
		F2A143697D9507EC5BD17B29 /* SensingStrategyResolverTests.swift in Sources */ = {isa = PBXBuildFile; fileRef = 05BC1EBFEE9FA0497475FC62 /* SensingStrategyResolverTests.swift */; };
		F3076339CE18AFF464F99397 /* SidetapCore.framework in Frameworks */ = {isa = PBXBuildFile; fileRef = AFAB67B983DE148D0D663997 /* SidetapCore.framework */; };
/* End PBXBuildFile section */

/* Begin PBXContainerItemProxy section */
		16AE3A66FA8512FDFE47FF31 /* PBXContainerItemProxy */ = {
			isa = PBXContainerItemProxy;
			containerPortal = A73C00A61559F591E7147820 /* Project object */;
			proxyType = 1;
			remoteGlobalIDString = A67CBB55C55724E1DE4F78BF;
			remoteInfo = SidetapCore;
		};
		42F65A0F51B970E741F8F5E2 /* PBXContainerItemProxy */ = {
			isa = PBXContainerItemProxy;
			containerPortal = A73C00A61559F591E7147820 /* Project object */;
			proxyType = 1;
			remoteGlobalIDString = A67CBB55C55724E1DE4F78BF;
			remoteInfo = SidetapCore;
		};
		4EE34C677EDAC8DB1AC838DC /* PBXContainerItemProxy */ = {
			isa = PBXContainerItemProxy;
			containerPortal = A73C00A61559F591E7147820 /* Project object */;
			proxyType = 1;
			remoteGlobalIDString = A67CBB55C55724E1DE4F78BF;
			remoteInfo = SidetapCore;
		};
		94E828AFAD8D82C263C5B950 /* PBXContainerItemProxy */ = {
			isa = PBXContainerItemProxy;
			containerPortal = A73C00A61559F591E7147820 /* Project object */;
			proxyType = 1;
			remoteGlobalIDString = A67CBB55C55724E1DE4F78BF;
			remoteInfo = SidetapCore;
		};
		9A5BCFF56EB48A5F9225578C /* PBXContainerItemProxy */ = {
			isa = PBXContainerItemProxy;
			containerPortal = A73C00A61559F591E7147820 /* Project object */;
			proxyType = 1;
			remoteGlobalIDString = A67CBB55C55724E1DE4F78BF;
			remoteInfo = SidetapCore;
		};
/* End PBXContainerItemProxy section */

/* Begin PBXCopyFilesBuildPhase section */
		0660DE0C3DF989646545929C /* Embed Frameworks */ = {
			isa = PBXCopyFilesBuildPhase;
			buildActionMask = 2147483647;
			dstPath = "";
			dstSubfolderSpec = 10;
			files = (
				38DCC9AAE8BD680BB4AE976C /* SidetapCore.framework in Embed Frameworks */,
			);
			name = "Embed Frameworks";
			runOnlyForDeploymentPostprocessing = 0;
		};
		2331128D2C500AEDD38BD8BF /* Embed Frameworks */ = {
			isa = PBXCopyFilesBuildPhase;
			buildActionMask = 2147483647;
			dstPath = "";
			dstSubfolderSpec = 10;
			files = (
				1A7140D99AD013AE281F058F /* SidetapCore.framework in Embed Frameworks */,
			);
			name = "Embed Frameworks";
			runOnlyForDeploymentPostprocessing = 0;
		};
		D0EED0E33E2C5A4F89AF3A1E /* Embed Frameworks */ = {
			isa = PBXCopyFilesBuildPhase;
			buildActionMask = 2147483647;
			dstPath = "";
			dstSubfolderSpec = 10;
			files = (
				4FF71DAAC546FF59F4E7A5FF /* SidetapCore.framework in Embed Frameworks */,
			);
			name = "Embed Frameworks";
			runOnlyForDeploymentPostprocessing = 0;
		};
/* End PBXCopyFilesBuildPhase section */

/* Begin PBXFileReference section */
		05BC1EBFEE9FA0497475FC62 /* SensingStrategyResolverTests.swift */ = {isa = PBXFileReference; lastKnownFileType = sourcecode.swift; path = SensingStrategyResolverTests.swift; sourceTree = "<group>"; };
		12C028A866E9B699D472293B /* AppIcon.icns */ = {isa = PBXFileReference; lastKnownFileType = image.icns; path = AppIcon.icns; sourceTree = "<group>"; };
		130F17D1F50A129A545915D4 /* SidetapCoreTests.xctest */ = {isa = PBXFileReference; explicitFileType = wrapper.cfbundle; includeInIndex = 0; path = SidetapCoreTests.xctest; sourceTree = BUILT_PRODUCTS_DIR; };
		24988D872F4624CBF6B803EF /* ActiveProbeTests.swift */ = {isa = PBXFileReference; lastKnownFileType = sourcecode.swift; path = ActiveProbeTests.swift; sourceTree = "<group>"; };
		275326761C8AC578ADFBF447 /* SensingStrategyResolver.swift */ = {isa = PBXFileReference; lastKnownFileType = sourcecode.swift; path = SensingStrategyResolver.swift; sourceTree = "<group>"; };
		2F46ED8C6E320A7232ABF51B /* GuidedCaptureQualityTests.swift */ = {isa = PBXFileReference; lastKnownFileType = sourcecode.swift; path = GuidedCaptureQualityTests.swift; sourceTree = "<group>"; };
		4786DA48B087197A4A22EF52 /* AsyncBooleanRequestGateTests.swift */ = {isa = PBXFileReference; lastKnownFileType = sourcecode.swift; path = AsyncBooleanRequestGateTests.swift; sourceTree = "<group>"; };
		492D7EE2BCEE6E717C17A286 /* Diagnostics.swift */ = {isa = PBXFileReference; lastKnownFileType = sourcecode.swift; path = Diagnostics.swift; sourceTree = "<group>"; };
		519E5DF8D0FE5BEE8E0582CF /* main.swift */ = {isa = PBXFileReference; lastKnownFileType = sourcecode.swift; path = main.swift; sourceTree = "<group>"; };
		5A64C7FC6B1505BF26F8FFBB /* AudioCaptureService.swift */ = {isa = PBXFileReference; lastKnownFileType = sourcecode.swift; path = AudioCaptureService.swift; sourceTree = "<group>"; };
		5D8854682908901807369425 /* SystemAudioRoute.swift */ = {isa = PBXFileReference; lastKnownFileType = sourcecode.swift; path = SystemAudioRoute.swift; sourceTree = "<group>"; };
		5F6B30406B35AE8791394D8D /* PipelineIntegrationTests.swift */ = {isa = PBXFileReference; lastKnownFileType = sourcecode.swift; path = PipelineIntegrationTests.swift; sourceTree = "<group>"; };
		63048464087BE19C10EDB0B2 /* TapFeatureExtractor.swift */ = {isa = PBXFileReference; lastKnownFileType = sourcecode.swift; path = TapFeatureExtractor.swift; sourceTree = "<group>"; };
		67A3B7A0CE469D4140FD83A3 /* LocalActions.swift */ = {isa = PBXFileReference; lastKnownFileType = sourcecode.swift; path = LocalActions.swift; sourceTree = "<group>"; };
		6899D37D96824124D3E98766 /* SignalModels.swift */ = {isa = PBXFileReference; lastKnownFileType = sourcecode.swift; path = SignalModels.swift; sourceTree = "<group>"; };
		70AE45F3744F597684C0349C /* FeatureExtractorTests.swift */ = {isa = PBXFileReference; lastKnownFileType = sourcecode.swift; path = FeatureExtractorTests.swift; sourceTree = "<group>"; };
		715644F25CFDCCDA7C655AF2 /* LocalActionPlannerTests.swift */ = {isa = PBXFileReference; lastKnownFileType = sourcecode.swift; path = LocalActionPlannerTests.swift; sourceTree = "<group>"; };
		7BDAC54E130288E93B17B81E /* AudioHardwarePolicyTests.swift */ = {isa = PBXFileReference; lastKnownFileType = sourcecode.swift; path = AudioHardwarePolicyTests.swift; sourceTree = "<group>"; };
		82229A3956A5C984FAF896A1 /* GuidedSessions.swift */ = {isa = PBXFileReference; lastKnownFileType = sourcecode.swift; path = GuidedSessions.swift; sourceTree = "<group>"; };
		8493AA35B1B2AC9F42CD0766 /* DetectorTests.swift */ = {isa = PBXFileReference; lastKnownFileType = sourcecode.swift; path = DetectorTests.swift; sourceTree = "<group>"; };
		91B3B71385E0540FC0394927 /* RootView.swift */ = {isa = PBXFileReference; lastKnownFileType = sourcecode.swift; path = RootView.swift; sourceTree = "<group>"; };
		967A57DD03A6CD468FBED420 /* AppModel.swift */ = {isa = PBXFileReference; lastKnownFileType = sourcecode.swift; path = AppModel.swift; sourceTree = "<group>"; };
		987B0D73601671FA39FDF5C5 /* TapClassifier.swift */ = {isa = PBXFileReference; lastKnownFileType = sourcecode.swift; path = TapClassifier.swift; sourceTree = "<group>"; };
		9E6A993020A4F86A5962168F /* SidetapRouteCheck */ = {isa = PBXFileReference; includeInIndex = 0; path = SidetapRouteCheck; sourceTree = BUILT_PRODUCTS_DIR; };
		A0E165063EEAA4E5BC465E57 /* SidetapApp.swift */ = {isa = PBXFileReference; lastKnownFileType = sourcecode.swift; path = SidetapApp.swift; sourceTree = "<group>"; };
		A259A914BAB444AFB4498800 /* SidetapAppTests.xctest */ = {isa = PBXFileReference; explicitFileType = wrapper.cfbundle; includeInIndex = 0; path = SidetapAppTests.xctest; sourceTree = BUILT_PRODUCTS_DIR; };
		A4C3BF9E99A95B67FD80160B /* FFT.swift */ = {isa = PBXFileReference; lastKnownFileType = sourcecode.swift; path = FFT.swift; sourceTree = "<group>"; };
		A4E1FA969E1126CD89D6AD7B /* StreamingTapDetector.swift */ = {isa = PBXFileReference; lastKnownFileType = sourcecode.swift; path = StreamingTapDetector.swift; sourceTree = "<group>"; };
		A5012680E0322780B6657961 /* GuidedNavigationGate.swift */ = {isa = PBXFileReference; lastKnownFileType = sourcecode.swift; path = GuidedNavigationGate.swift; sourceTree = "<group>"; };
		A5E2B153B06E9160844B61BD /* AudioTimelineTests.swift */ = {isa = PBXFileReference; lastKnownFileType = sourcecode.swift; path = AudioTimelineTests.swift; sourceTree = "<group>"; };
		A8ECA9641C0EFBA3C06514E7 /* LocalActionPlanning.swift */ = {isa = PBXFileReference; lastKnownFileType = sourcecode.swift; path = LocalActionPlanning.swift; sourceTree = "<group>"; };
		A97EBF4CF3FB1FDC49D34746 /* ActionsView.swift */ = {isa = PBXFileReference; lastKnownFileType = sourcecode.swift; path = ActionsView.swift; sourceTree = "<group>"; };
		ABEE66227771EFBB57C11CA5 /* GuidedNavigationGateTests.swift */ = {isa = PBXFileReference; lastKnownFileType = sourcecode.swift; path = GuidedNavigationGateTests.swift; sourceTree = "<group>"; };
		AC95D43C5898F74F1A38EFE7 /* Profile.swift */ = {isa = PBXFileReference; lastKnownFileType = sourcecode.swift; path = Profile.swift; sourceTree = "<group>"; };
		AFAB67B983DE148D0D663997 /* SidetapCore.framework */ = {isa = PBXFileReference; explicitFileType = wrapper.framework; includeInIndex = 0; path = SidetapCore.framework; sourceTree = BUILT_PRODUCTS_DIR; };
		B0AC7AA3C9AF9C63377C8DCD /* CalibrationView.swift */ = {isa = PBXFileReference; lastKnownFileType = sourcecode.swift; path = CalibrationView.swift; sourceTree = "<group>"; };
		B5CF1B56A2E2ECE5105AAA9A /* DiagnosticsView.swift */ = {isa = PBXFileReference; lastKnownFileType = sourcecode.swift; path = DiagnosticsView.swift; sourceTree = "<group>"; };
		BBD0B2F4F285D63F0E3B8181 /* ClassifierTests.swift */ = {isa = PBXFileReference; lastKnownFileType = sourcecode.swift; path = ClassifierTests.swift; sourceTree = "<group>"; };
		BE3C58A07DBBB01F485637EA /* PersistenceTests.swift */ = {isa = PBXFileReference; lastKnownFileType = sourcecode.swift; path = PersistenceTests.swift; sourceTree = "<group>"; };
		C47941F1351E55EFA5E81AB1 /* AsyncBooleanRequestGate.swift */ = {isa = PBXFileReference; lastKnownFileType = sourcecode.swift; path = AsyncBooleanRequestGate.swift; sourceTree = "<group>"; };
		C67595E320CF0F80A3D01846 /* Sidetap.app */ = {isa = PBXFileReference; explicitFileType = wrapper.application; includeInIndex = 0; path = Sidetap.app; sourceTree = BUILT_PRODUCTS_DIR; };
		CC7D6221FFCDBC3B366BD8AD /* LiveSurfaceView.swift */ = {isa = PBXFileReference; lastKnownFileType = sourcecode.swift; path = LiveSurfaceView.swift; sourceTree = "<group>"; };
		CCA2DFCEE0CC6AD981C9C0B6 /* WaveFileWriter.swift */ = {isa = PBXFileReference; lastKnownFileType = sourcecode.swift; path = WaveFileWriter.swift; sourceTree = "<group>"; };
		CD8320CA579CA1615DB92770 /* GuidedCaptureQuality.swift */ = {isa = PBXFileReference; lastKnownFileType = sourcecode.swift; path = GuidedCaptureQuality.swift; sourceTree = "<group>"; };
		D36289CFD5237BCCB7C1E6A4 /* AudioHardwarePolicy.swift */ = {isa = PBXFileReference; lastKnownFileType = sourcecode.swift; path = AudioHardwarePolicy.swift; sourceTree = "<group>"; };
		D3F4EC21A7B1F40CB17FB154 /* ActiveProbe.swift */ = {isa = PBXFileReference; lastKnownFileType = sourcecode.swift; path = ActiveProbe.swift; sourceTree = "<group>"; };
		D968A033B85A0B6DBBB916BD /* main.swift */ = {isa = PBXFileReference; lastKnownFileType = sourcecode.swift; path = main.swift; sourceTree = "<group>"; };
		DAC0D2DBA5568627BF7CCF1E /* GuidedSessionTests.swift */ = {isa = PBXFileReference; lastKnownFileType = sourcecode.swift; path = GuidedSessionTests.swift; sourceTree = "<group>"; };
		E12EFEE17993686DF756B69F /* SidetapSoak */ = {isa = PBXFileReference; includeInIndex = 0; path = SidetapSoak; sourceTree = BUILT_PRODUCTS_DIR; };
		E4B33FD2631209DB577DD107 /* SidetapTheme.swift */ = {isa = PBXFileReference; lastKnownFileType = sourcecode.swift; path = SidetapTheme.swift; sourceTree = "<group>"; };
		EA6F201A855A3E46CB539052 /* AudioTimeline.swift */ = {isa = PBXFileReference; lastKnownFileType = sourcecode.swift; path = AudioTimeline.swift; sourceTree = "<group>"; };
		FAFA8076F05DCA5F7B23792A /* ImpactEventGate.swift */ = {isa = PBXFileReference; lastKnownFileType = sourcecode.swift; path = ImpactEventGate.swift; sourceTree = "<group>"; };
		FB7D75E14454C472BB0F2D2A /* AppSection.swift */ = {isa = PBXFileReference; lastKnownFileType = sourcecode.swift; path = AppSection.swift; sourceTree = "<group>"; };
/* End PBXFileReference section */

/* Begin PBXFrameworksBuildPhase section */
		2582FD8037B9DAA4FD097011 /* Frameworks */ = {
			isa = PBXFrameworksBuildPhase;
			buildActionMask = 2147483647;
			files = (
				BDDD5A118E783AAC99FAB0CB /* SidetapCore.framework in Frameworks */,
			);
			runOnlyForDeploymentPostprocessing = 0;
		};
		314F10C9F0281BEE838EDF75 /* Frameworks */ = {
			isa = PBXFrameworksBuildPhase;
			buildActionMask = 2147483647;
			files = (
				3BB01E7DDCE835DBAB622D24 /* SidetapCore.framework in Frameworks */,
			);
			runOnlyForDeploymentPostprocessing = 0;
		};
		5735120DD12CA333E7116718 /* Frameworks */ = {
			isa = PBXFrameworksBuildPhase;
			buildActionMask = 2147483647;
			files = (
				F3076339CE18AFF464F99397 /* SidetapCore.framework in Frameworks */,
			);
			runOnlyForDeploymentPostprocessing = 0;
		};
		B8E94322461B9E6E63D0B6F1 /* Frameworks */ = {
			isa = PBXFrameworksBuildPhase;
			buildActionMask = 2147483647;
			files = (
				347136299276E5FD6A3F04F5 /* SidetapCore.framework in Frameworks */,
			);
			runOnlyForDeploymentPostprocessing = 0;
		};
		FF8D5862E4C757D2ECE36606 /* Frameworks */ = {
			isa = PBXFrameworksBuildPhase;
			buildActionMask = 2147483647;
			files = (
				95FF8AA84DC9C85F4F871939 /* SidetapCore.framework in Frameworks */,
			);
			runOnlyForDeploymentPostprocessing = 0;
		};
/* End PBXFrameworksBuildPhase section */

/* Begin PBXGroup section */
		04DBC12057CC63DA5F6FDAA9 = {
			isa = PBXGroup;
			children = (
				66723EC334498287436DC70C /* Config */,
				5C9701461C8CC04FF1B0F64A /* Sources */,
				EB2E583B191E7E17F3A89899 /* Tests */,
				C6A3A93CB27B4D689EAA0006 /* Products */,
			);
			sourceTree = "<group>";
		};
		114AAA2D261EA18D6A985633 /* SidetapSoak */ = {
			isa = PBXGroup;
			children = (
				519E5DF8D0FE5BEE8E0582CF /* main.swift */,
			);
			path = SidetapSoak;
			sourceTree = "<group>";
		};
		5C9701461C8CC04FF1B0F64A /* Sources */ = {
			isa = PBXGroup;
			children = (
				ABB7B72C8E684568E576581A /* SidetapApp */,
				C6DEAF0866A7F5EBA9A3F5C0 /* SidetapCore */,
				B890B9FEE5C0A88520EFFDAB /* SidetapRouteCheck */,
				114AAA2D261EA18D6A985633 /* SidetapSoak */,
			);
			path = Sources;
			sourceTree = "<group>";
		};
		66723EC334498287436DC70C /* Config */ = {
			isa = PBXGroup;
			children = (
				12C028A866E9B699D472293B /* AppIcon.icns */,
			);
			path = Config;
			sourceTree = "<group>";
		};
		A012057FF3376B16952C760E /* SidetapAppTests */ = {
			isa = PBXGroup;
			children = (
				ABEE66227771EFBB57C11CA5 /* GuidedNavigationGateTests.swift */,
				05BC1EBFEE9FA0497475FC62 /* SensingStrategyResolverTests.swift */,
			);
			path = SidetapAppTests;
			sourceTree = "<group>";
		};
		ABB7B72C8E684568E576581A /* SidetapApp */ = {
			isa = PBXGroup;
			children = (
				A97EBF4CF3FB1FDC49D34746 /* ActionsView.swift */,
				967A57DD03A6CD468FBED420 /* AppModel.swift */,
				FB7D75E14454C472BB0F2D2A /* AppSection.swift */,
				5A64C7FC6B1505BF26F8FFBB /* AudioCaptureService.swift */,
				B0AC7AA3C9AF9C63377C8DCD /* CalibrationView.swift */,
				B5CF1B56A2E2ECE5105AAA9A /* DiagnosticsView.swift */,
				A5012680E0322780B6657961 /* GuidedNavigationGate.swift */,
				CC7D6221FFCDBC3B366BD8AD /* LiveSurfaceView.swift */,
				67A3B7A0CE469D4140FD83A3 /* LocalActions.swift */,
				91B3B71385E0540FC0394927 /* RootView.swift */,
				275326761C8AC578ADFBF447 /* SensingStrategyResolver.swift */,
				A0E165063EEAA4E5BC465E57 /* SidetapApp.swift */,
				E4B33FD2631209DB577DD107 /* SidetapTheme.swift */,
				5D8854682908901807369425 /* SystemAudioRoute.swift */,
			);
			path = SidetapApp;
			sourceTree = "<group>";
		};
		B890B9FEE5C0A88520EFFDAB /* SidetapRouteCheck */ = {
			isa = PBXGroup;
			children = (
				D968A033B85A0B6DBBB916BD /* main.swift */,
			);
			path = SidetapRouteCheck;
			sourceTree = "<group>";
		};
		C6A3A93CB27B4D689EAA0006 /* Products */ = {
			isa = PBXGroup;
			children = (
				C67595E320CF0F80A3D01846 /* Sidetap.app */,
				A259A914BAB444AFB4498800 /* SidetapAppTests.xctest */,
				AFAB67B983DE148D0D663997 /* SidetapCore.framework */,
				130F17D1F50A129A545915D4 /* SidetapCoreTests.xctest */,
				9E6A993020A4F86A5962168F /* SidetapRouteCheck */,
				E12EFEE17993686DF756B69F /* SidetapSoak */,
			);
			name = Products;
			sourceTree = "<group>";
		};
		C6DEAF0866A7F5EBA9A3F5C0 /* SidetapCore */ = {
			isa = PBXGroup;
			children = (
				D3F4EC21A7B1F40CB17FB154 /* ActiveProbe.swift */,
				C47941F1351E55EFA5E81AB1 /* AsyncBooleanRequestGate.swift */,
				D36289CFD5237BCCB7C1E6A4 /* AudioHardwarePolicy.swift */,
				EA6F201A855A3E46CB539052 /* AudioTimeline.swift */,
				492D7EE2BCEE6E717C17A286 /* Diagnostics.swift */,
				A4C3BF9E99A95B67FD80160B /* FFT.swift */,
				CD8320CA579CA1615DB92770 /* GuidedCaptureQuality.swift */,
				82229A3956A5C984FAF896A1 /* GuidedSessions.swift */,
				FAFA8076F05DCA5F7B23792A /* ImpactEventGate.swift */,
				A8ECA9641C0EFBA3C06514E7 /* LocalActionPlanning.swift */,
				AC95D43C5898F74F1A38EFE7 /* Profile.swift */,
				6899D37D96824124D3E98766 /* SignalModels.swift */,
				A4E1FA969E1126CD89D6AD7B /* StreamingTapDetector.swift */,
				987B0D73601671FA39FDF5C5 /* TapClassifier.swift */,
				63048464087BE19C10EDB0B2 /* TapFeatureExtractor.swift */,
				CCA2DFCEE0CC6AD981C9C0B6 /* WaveFileWriter.swift */,
			);
			path = SidetapCore;
			sourceTree = "<group>";
		};
		CF72DD0E5DBC48B69F5A2389 /* SidetapCoreTests */ = {
			isa = PBXGroup;
			children = (
				24988D872F4624CBF6B803EF /* ActiveProbeTests.swift */,
				4786DA48B087197A4A22EF52 /* AsyncBooleanRequestGateTests.swift */,
				7BDAC54E130288E93B17B81E /* AudioHardwarePolicyTests.swift */,
				A5E2B153B06E9160844B61BD /* AudioTimelineTests.swift */,
				BBD0B2F4F285D63F0E3B8181 /* ClassifierTests.swift */,
				8493AA35B1B2AC9F42CD0766 /* DetectorTests.swift */,
				70AE45F3744F597684C0349C /* FeatureExtractorTests.swift */,
				2F46ED8C6E320A7232ABF51B /* GuidedCaptureQualityTests.swift */,
				DAC0D2DBA5568627BF7CCF1E /* GuidedSessionTests.swift */,
				715644F25CFDCCDA7C655AF2 /* LocalActionPlannerTests.swift */,
				BE3C58A07DBBB01F485637EA /* PersistenceTests.swift */,
				5F6B30406B35AE8791394D8D /* PipelineIntegrationTests.swift */,
			);
			path = SidetapCoreTests;
			sourceTree = "<group>";
		};
		EB2E583B191E7E17F3A89899 /* Tests */ = {
			isa = PBXGroup;
			children = (
				A012057FF3376B16952C760E /* SidetapAppTests */,
				CF72DD0E5DBC48B69F5A2389 /* SidetapCoreTests */,
			);
			path = Tests;
			sourceTree = "<group>";
		};
/* End PBXGroup section */

/* Begin PBXNativeTarget section */
		188FCFD4635D9564449D87BD /* SidetapRouteCheck */ = {
			isa = PBXNativeTarget;
			buildConfigurationList = 134021C4ABFB045E6ABBF5D9 /* Build configuration list for PBXNativeTarget "SidetapRouteCheck" */;
			buildPhases = (
				14A6171838092377AEE5894D /* Sources */,
				FF8D5862E4C757D2ECE36606 /* Frameworks */,
			);
			buildRules = (
			);
			dependencies = (
				65C48F7131DD45FDEDE05323 /* PBXTargetDependency */,
			);
			name = SidetapRouteCheck;
			packageProductDependencies = (
			);
			productName = SidetapRouteCheck;
			productReference = 9E6A993020A4F86A5962168F /* SidetapRouteCheck */;
			productType = "com.apple.product-type.tool";
		};
		369720553A4CBFCC347586C4 /* Sidetap */ = {
			isa = PBXNativeTarget;
			buildConfigurationList = 4792A7CC7710EB12D819E8BC /* Build configuration list for PBXNativeTarget "Sidetap" */;
			buildPhases = (
				127BEF48FD1415D641381780 /* Sources */,
				61F80A3F1ED6A1D15FF3E4D6 /* Resources */,
				314F10C9F0281BEE838EDF75 /* Frameworks */,
				2331128D2C500AEDD38BD8BF /* Embed Frameworks */,
			);
			buildRules = (
			);
			dependencies = (
				5FE72DB85151D4E68C8D10FC /* PBXTargetDependency */,
			);
			name = Sidetap;
			packageProductDependencies = (
			);
			productName = Sidetap;
			productReference = C67595E320CF0F80A3D01846 /* Sidetap.app */;
			productType = "com.apple.product-type.application";
		};
		6379002A99521221537E5952 /* SidetapSoak */ = {
			isa = PBXNativeTarget;
			buildConfigurationList = BA362B28099F3DDA39953F7B /* Build configuration list for PBXNativeTarget "SidetapSoak" */;
			buildPhases = (
				D14CB3EEC9EB505E04CA722E /* Sources */,
				B8E94322461B9E6E63D0B6F1 /* Frameworks */,
			);
			buildRules = (
			);
			dependencies = (
				E80AC6ED3550381F2C6D5174 /* PBXTargetDependency */,
			);
			name = SidetapSoak;
			packageProductDependencies = (
			);
			productName = SidetapSoak;
			productReference = E12EFEE17993686DF756B69F /* SidetapSoak */;
			productType = "com.apple.product-type.tool";
		};
		A67CBB55C55724E1DE4F78BF /* SidetapCore */ = {
			isa = PBXNativeTarget;
			buildConfigurationList = D7C9EED349E91EA073E708B5 /* Build configuration list for PBXNativeTarget "SidetapCore" */;
			buildPhases = (
				1B919118291D22FAAC5CC124 /* Sources */,
			);
			buildRules = (
			);
			dependencies = (
			);
			name = SidetapCore;
			packageProductDependencies = (
			);
			productName = SidetapCore;
			productReference = AFAB67B983DE148D0D663997 /* SidetapCore.framework */;
			productType = "com.apple.product-type.framework";
		};
		C1B2005C5398D3A17A3C1675 /* SidetapAppTests */ = {
			isa = PBXNativeTarget;
			buildConfigurationList = E660083C0536043218B4D45B /* Build configuration list for PBXNativeTarget "SidetapAppTests" */;
			buildPhases = (
				1E67408668436F7302595399 /* Sources */,
				2582FD8037B9DAA4FD097011 /* Frameworks */,
				D0EED0E33E2C5A4F89AF3A1E /* Embed Frameworks */,
			);
			buildRules = (
			);
			dependencies = (
				2F64AFB28E43A22BF640E856 /* PBXTargetDependency */,
			);
			name = SidetapAppTests;
			packageProductDependencies = (
			);
			productName = SidetapAppTests;
			productReference = A259A914BAB444AFB4498800 /* SidetapAppTests.xctest */;
			productType = "com.apple.product-type.bundle.unit-test";
		};
		FBF0E737541EDF02BD09DC64 /* SidetapCoreTests */ = {
			isa = PBXNativeTarget;
			buildConfigurationList = 7EFD850A607C857A7A93D1AE /* Build configuration list for PBXNativeTarget "SidetapCoreTests" */;
			buildPhases = (
				2E7674A6EE35694F3E4836E3 /* Sources */,
				5735120DD12CA333E7116718 /* Frameworks */,
				0660DE0C3DF989646545929C /* Embed Frameworks */,
			);
			buildRules = (
			);
			dependencies = (
				F3F7EBA737AB3D9894F64CA1 /* PBXTargetDependency */,
			);
			name = SidetapCoreTests;
			packageProductDependencies = (
			);
			productName = SidetapCoreTests;
			productReference = 130F17D1F50A129A545915D4 /* SidetapCoreTests.xctest */;
			productType = "com.apple.product-type.bundle.unit-test";
		};
/* End PBXNativeTarget section */

/* Begin PBXProject section */
		A73C00A61559F591E7147820 /* Project object */ = {
			isa = PBXProject;
			attributes = {
				BuildIndependentTargetsInParallel = YES;
				LastUpgradeCheck = 1430;
				TargetAttributes = {
					369720553A4CBFCC347586C4 = {
						ProvisioningStyle = Automatic;
					};
				};
			};
			buildConfigurationList = 6623E78E12F46EC38B8F7C0F /* Build configuration list for PBXProject "Sidetap" */;
			developmentRegion = en;
			hasScannedForEncodings = 0;
			knownRegions = (
				Base,
				en,
			);
			mainGroup = 04DBC12057CC63DA5F6FDAA9;
			minimizedProjectReferenceProxies = 1;
			preferredProjectObjectVersion = 77;
			productRefGroup = C6A3A93CB27B4D689EAA0006 /* Products */;
			projectDirPath = "";
			projectRoot = "";
			targets = (
				A67CBB55C55724E1DE4F78BF /* SidetapCore */,
				369720553A4CBFCC347586C4 /* Sidetap */,
				FBF0E737541EDF02BD09DC64 /* SidetapCoreTests */,
				C1B2005C5398D3A17A3C1675 /* SidetapAppTests */,
				6379002A99521221537E5952 /* SidetapSoak */,
				188FCFD4635D9564449D87BD /* SidetapRouteCheck */,
			);
		};
/* End PBXProject section */

/* Begin PBXResourcesBuildPhase section */
		61F80A3F1ED6A1D15FF3E4D6 /* Resources */ = {
			isa = PBXResourcesBuildPhase;
			buildActionMask = 2147483647;
			files = (
				5FDE88A8BC8F8073277EB5C4 /* AppIcon.icns in Resources */,
			);
			runOnlyForDeploymentPostprocessing = 0;
		};
/* End PBXResourcesBuildPhase section */

/* Begin PBXSourcesBuildPhase section */
		127BEF48FD1415D641381780 /* Sources */ = {
			isa = PBXSourcesBuildPhase;
			buildActionMask = 2147483647;
			files = (
				0EEDFCB229045A5C940C2939 /* ActionsView.swift in Sources */,
				53038B0C23D54B4D2D9A8997 /* AppModel.swift in Sources */,
				9BEA4BA99798B008C70230A2 /* AppSection.swift in Sources */,
				CAB69A867565DE169FEEF9F0 /* AudioCaptureService.swift in Sources */,
				545DE6DE29AEEB15BED7A351 /* CalibrationView.swift in Sources */,
				42CAEB0DB9ADEFFC9AB789AA /* DiagnosticsView.swift in Sources */,
				ECE3A621079FB883A6820922 /* GuidedNavigationGate.swift in Sources */,
				24EDCC7BD7AF5FED8AD9DA5B /* LiveSurfaceView.swift in Sources */,
				E0E683518133765687C8B68A /* LocalActions.swift in Sources */,
				5B50B2ED482C9B9AFAB129D6 /* RootView.swift in Sources */,
				38E2EDA865F73248A7D7EBD1 /* SensingStrategyResolver.swift in Sources */,
				A03BD5798AAFB0D98FCE670E /* SidetapApp.swift in Sources */,
				459702AC45945CDF7B91150B /* SidetapTheme.swift in Sources */,
				ED8F18BE3783D973BA54F8C1 /* SystemAudioRoute.swift in Sources */,
			);
			runOnlyForDeploymentPostprocessing = 0;
		};
		14A6171838092377AEE5894D /* Sources */ = {
			isa = PBXSourcesBuildPhase;
			buildActionMask = 2147483647;
			files = (
				96614F7E7780FBE69A7E3737 /* SystemAudioRoute.swift in Sources */,
				9D1A6B11DC6155361C09E223 /* main.swift in Sources */,
			);
			runOnlyForDeploymentPostprocessing = 0;
		};
		1B919118291D22FAAC5CC124 /* Sources */ = {
			isa = PBXSourcesBuildPhase;
			buildActionMask = 2147483647;
			files = (
				D5580233AFB7305B655C34A3 /* ActiveProbe.swift in Sources */,
				F155F122B37474A291FE7D98 /* AsyncBooleanRequestGate.swift in Sources */,
				EE7095E8DCDB683D643FF300 /* AudioHardwarePolicy.swift in Sources */,
				B7024A4E8EA582BC93F56D67 /* AudioTimeline.swift in Sources */,
				19ECF1C908E1DC380AFC3095 /* Diagnostics.swift in Sources */,
				1E1AA92DE8DFE1F7D69B860D /* FFT.swift in Sources */,
				E455A752059938D77F9CCA82 /* GuidedCaptureQuality.swift in Sources */,
				229D003907E76FB3140C07DE /* GuidedSessions.swift in Sources */,
				3F17F0942942E61E335A9ABD /* ImpactEventGate.swift in Sources */,
				2286F6FE9C3061C0C783ADBD /* LocalActionPlanning.swift in Sources */,
				B2FD8258B295CF3ACED5D567 /* Profile.swift in Sources */,
				B957CA5B4B54191CFF8F9F22 /* SignalModels.swift in Sources */,
				C12F1211638F677E897130B9 /* StreamingTapDetector.swift in Sources */,
				47B9B23770990A2CDEA722CE /* TapClassifier.swift in Sources */,
				BC427AE8BD3B1C77A0AF3AAA /* TapFeatureExtractor.swift in Sources */,
				BF41EAB752279BFDB6DFE6EE /* WaveFileWriter.swift in Sources */,
			);
			runOnlyForDeploymentPostprocessing = 0;
		};
		1E67408668436F7302595399 /* Sources */ = {
			isa = PBXSourcesBuildPhase;
			buildActionMask = 2147483647;
			files = (
				DC780B1AD35254C42A011FAA /* AppSection.swift in Sources */,
				353A11DD94D5EE838AD8A46B /* GuidedNavigationGate.swift in Sources */,
				8CF7A3ED4E2E7B7F2CF3722D /* GuidedNavigationGateTests.swift in Sources */,
				760404F142974394C44CBEA4 /* SensingStrategyResolver.swift in Sources */,
				F2A143697D9507EC5BD17B29 /* SensingStrategyResolverTests.swift in Sources */,
			);
			runOnlyForDeploymentPostprocessing = 0;
		};
		2E7674A6EE35694F3E4836E3 /* Sources */ = {
			isa = PBXSourcesBuildPhase;
			buildActionMask = 2147483647;
			files = (
				5C8A5F3F7913B262ACDEC9E8 /* ActiveProbeTests.swift in Sources */,
				D0126872DF134BCC216DCEC9 /* AsyncBooleanRequestGateTests.swift in Sources */,
				6CF10E43CA83D399AA719BCD /* AudioHardwarePolicyTests.swift in Sources */,
				D8A3AD4D9743DEFE7F73652C /* AudioTimelineTests.swift in Sources */,
				CA2DDF8BF9C45674062CC804 /* ClassifierTests.swift in Sources */,
				43FE61449EE86FD2C64911CF /* DetectorTests.swift in Sources */,
				9BCB7527811372CBEF6BFBE8 /* FeatureExtractorTests.swift in Sources */,
				09E10F1A0D1983E7DB7793B4 /* GuidedCaptureQualityTests.swift in Sources */,
				AC8442D15DC2FA6EC3050CB1 /* GuidedSessionTests.swift in Sources */,
				E151C0C18FE9CF8F36F560D5 /* LocalActionPlannerTests.swift in Sources */,
				7C28F36F62421E74D6385A9B /* PersistenceTests.swift in Sources */,
				1F4C14B96B9D725784100431 /* PipelineIntegrationTests.swift in Sources */,
			);
			runOnlyForDeploymentPostprocessing = 0;
		};
		D14CB3EEC9EB505E04CA722E /* Sources */ = {
			isa = PBXSourcesBuildPhase;
			buildActionMask = 2147483647;
			files = (
				6F159ED6476B44B88475B596 /* main.swift in Sources */,
			);
			runOnlyForDeploymentPostprocessing = 0;
		};
/* End PBXSourcesBuildPhase section */

/* Begin PBXTargetDependency section */
		2F64AFB28E43A22BF640E856 /* PBXTargetDependency */ = {
			isa = PBXTargetDependency;
			target = A67CBB55C55724E1DE4F78BF /* SidetapCore */;
			targetProxy = 42F65A0F51B970E741F8F5E2 /* PBXContainerItemProxy */;
		};
		5FE72DB85151D4E68C8D10FC /* PBXTargetDependency */ = {
			isa = PBXTargetDependency;
			target = A67CBB55C55724E1DE4F78BF /* SidetapCore */;
			targetProxy = 9A5BCFF56EB48A5F9225578C /* PBXContainerItemProxy */;
		};
		65C48F7131DD45FDEDE05323 /* PBXTargetDependency */ = {
			isa = PBXTargetDependency;
			target = A67CBB55C55724E1DE4F78BF /* SidetapCore */;
			targetProxy = 16AE3A66FA8512FDFE47FF31 /* PBXContainerItemProxy */;
		};
		E80AC6ED3550381F2C6D5174 /* PBXTargetDependency */ = {
			isa = PBXTargetDependency;
			target = A67CBB55C55724E1DE4F78BF /* SidetapCore */;
			targetProxy = 4EE34C677EDAC8DB1AC838DC /* PBXContainerItemProxy */;
		};
		F3F7EBA737AB3D9894F64CA1 /* PBXTargetDependency */ = {
			isa = PBXTargetDependency;
			target = A67CBB55C55724E1DE4F78BF /* SidetapCore */;
			targetProxy = 94E828AFAD8D82C263C5B950 /* PBXContainerItemProxy */;
		};
/* End PBXTargetDependency section */

/* Begin XCBuildConfiguration section */
		1245A05E90F06D4F9BBB5782 /* Debug */ = {
			isa = XCBuildConfiguration;
			buildSettings = {
				BUNDLE_LOADER = "$(TEST_HOST)";
				COMBINE_HIDPI_IMAGES = YES;
				GENERATE_INFOPLIST_FILE = YES;
				LD_RUNPATH_SEARCH_PATHS = (
					"$(inherited)",
					"@executable_path/../Frameworks",
					"@loader_path/../Frameworks",
				);
				PRODUCT_BUNDLE_IDENTIFIER = com.sidetap.SidetapAppTests;
				SDKROOT = macosx;
			};
			name = Debug;
		};
		45B8275E7632E36AF0BF4475 /* Release */ = {
			isa = XCBuildConfiguration;
			buildSettings = {
				ASSETCATALOG_COMPILER_APPICON_NAME = AppIcon;
				CODE_SIGN_ENTITLEMENTS = Config/Sidetap.entitlements;
				CODE_SIGN_IDENTITY = "Apple Development";
				CODE_SIGN_STYLE = Automatic;
				COMBINE_HIDPI_IMAGES = YES;
				ENABLE_APP_SANDBOX = YES;
				ENABLE_HARDENED_RUNTIME = YES;
				INFOPLIST_FILE = "Config/Sidetap-Info.plist";
				LD_RUNPATH_SEARCH_PATHS = (
					"$(inherited)",
					"@executable_path/../Frameworks",
				);
				PRODUCT_BUNDLE_IDENTIFIER = com.sidetap.app;
				PRODUCT_NAME = Sidetap;
				SDKROOT = macosx;
			};
			name = Release;
		};
		5951662C086669CF3677997E /* Release */ = {
			isa = XCBuildConfiguration;
			buildSettings = {
				COMBINE_HIDPI_IMAGES = YES;
				GENERATE_INFOPLIST_FILE = YES;
				LD_RUNPATH_SEARCH_PATHS = (
					"$(inherited)",
					"@executable_path/../Frameworks",
				);
				PRODUCT_BUNDLE_IDENTIFIER = com.sidetap.SidetapRouteCheck;
				SDKROOT = macosx;
			};
			name = Release;
		};
		6377537140791ED2E0990DC4 /* Debug */ = {
			isa = XCBuildConfiguration;
			buildSettings = {
				ALWAYS_SEARCH_USER_PATHS = NO;
				CLANG_ANALYZER_NONNULL = YES;
				CLANG_ANALYZER_NUMBER_OBJECT_CONVERSION = YES_AGGRESSIVE;
				CLANG_CXX_LANGUAGE_STANDARD = "gnu++14";
				CLANG_CXX_LIBRARY = "libc++";
				CLANG_ENABLE_MODULES = YES;
				CLANG_ENABLE_OBJC_ARC = YES;
				CLANG_ENABLE_OBJC_WEAK = YES;
				CLANG_WARN_BLOCK_CAPTURE_AUTORELEASING = YES;
				CLANG_WARN_BOOL_CONVERSION = YES;
				CLANG_WARN_COMMA = YES;
				CLANG_WARN_CONSTANT_CONVERSION = YES;
				CLANG_WARN_DEPRECATED_OBJC_IMPLEMENTATIONS = YES;
				CLANG_WARN_DIRECT_OBJC_ISA_USAGE = YES_ERROR;
				CLANG_WARN_DOCUMENTATION_COMMENTS = YES;
				CLANG_WARN_EMPTY_BODY = YES;
				CLANG_WARN_ENUM_CONVERSION = YES;
				CLANG_WARN_INFINITE_RECURSION = YES;
				CLANG_WARN_INT_CONVERSION = YES;
				CLANG_WARN_NON_LITERAL_NULL_CONVERSION = YES;
				CLANG_WARN_OBJC_IMPLICIT_RETAIN_SELF = YES;
				CLANG_WARN_OBJC_LITERAL_CONVERSION = YES;
				CLANG_WARN_OBJC_ROOT_CLASS = YES_ERROR;
				CLANG_WARN_QUOTED_INCLUDE_IN_FRAMEWORK_HEADER = YES;
				CLANG_WARN_RANGE_LOOP_ANALYSIS = YES;
				CLANG_WARN_STRICT_PROTOTYPES = YES;
				CLANG_WARN_SUSPICIOUS_MOVE = YES;
				CLANG_WARN_UNGUARDED_AVAILABILITY = YES_AGGRESSIVE;
				CLANG_WARN_UNREACHABLE_CODE = YES;
				CLANG_WARN__DUPLICATE_METHOD_MATCH = YES;
				COPY_PHASE_STRIP = NO;
				CURRENT_PROJECT_VERSION = 1;
				DEBUG_INFORMATION_FORMAT = dwarf;
				ENABLE_STRICT_OBJC_MSGSEND = YES;
				ENABLE_TESTABILITY = YES;
				ENABLE_USER_SCRIPT_SANDBOXING = YES;
				GCC_C_LANGUAGE_STANDARD = gnu11;
				GCC_DYNAMIC_NO_PIC = NO;
				GCC_NO_COMMON_BLOCKS = YES;
				GCC_OPTIMIZATION_LEVEL = 0;
				GCC_PREPROCESSOR_DEFINITIONS = (
					"$(inherited)",
					"DEBUG=1",
				);
				GCC_WARN_64_TO_32_BIT_CONVERSION = YES;
				GCC_WARN_ABOUT_RETURN_TYPE = YES_ERROR;
				GCC_WARN_UNDECLARED_SELECTOR = YES;
				GCC_WARN_UNINITIALIZED_AUTOS = YES_AGGRESSIVE;
				GCC_WARN_UNUSED_FUNCTION = YES;
				GCC_WARN_UNUSED_VARIABLE = YES;
				MACOSX_DEPLOYMENT_TARGET = 14.0;
				MARKETING_VERSION = 0.1.0;
				MTL_ENABLE_DEBUG_INFO = INCLUDE_SOURCE;
				MTL_FAST_MATH = YES;
				ONLY_ACTIVE_ARCH = YES;
				PRODUCT_NAME = "$(TARGET_NAME)";
				SDKROOT = macosx;
				SWIFT_ACTIVE_COMPILATION_CONDITIONS = DEBUG;
				SWIFT_OPTIMIZATION_LEVEL = "-Onone";
				SWIFT_VERSION = 5.0;
			};
			name = Debug;
		};
		8D59C91CE6819636DC21D3C8 /* Debug */ = {
			isa = XCBuildConfiguration;
			buildSettings = {
				CODE_SIGN_IDENTITY = "";
				COMBINE_HIDPI_IMAGES = YES;
				CURRENT_PROJECT_VERSION = 1;
				DEFINES_MODULE = YES;
				DYLIB_COMPATIBILITY_VERSION = 1;
				DYLIB_CURRENT_VERSION = 1;
				DYLIB_INSTALL_NAME_BASE = "@rpath";
				GENERATE_INFOPLIST_FILE = YES;
				INSTALL_PATH = "$(LOCAL_LIBRARY_DIR)/Frameworks";
				LD_RUNPATH_SEARCH_PATHS = (
					"$(inherited)",
					"@executable_path/../Frameworks",
				);
				PRODUCT_BUNDLE_IDENTIFIER = com.sidetap.SidetapCore;
				SDKROOT = macosx;
				SKIP_INSTALL = YES;
				VERSIONING_SYSTEM = "apple-generic";
			};
			name = Debug;
		};
		8FF51D04EC98B49F827915F4 /* Release */ = {
			isa = XCBuildConfiguration;
			buildSettings = {
				CODE_SIGN_IDENTITY = "";
				COMBINE_HIDPI_IMAGES = YES;
				CURRENT_PROJECT_VERSION = 1;
				DEFINES_MODULE = YES;
				DYLIB_COMPATIBILITY_VERSION = 1;
				DYLIB_CURRENT_VERSION = 1;
				DYLIB_INSTALL_NAME_BASE = "@rpath";
				GENERATE_INFOPLIST_FILE = YES;
				INSTALL_PATH = "$(LOCAL_LIBRARY_DIR)/Frameworks";
				LD_RUNPATH_SEARCH_PATHS = (
					"$(inherited)",
					"@executable_path/../Frameworks",
				);
				PRODUCT_BUNDLE_IDENTIFIER = com.sidetap.SidetapCore;
				SDKROOT = macosx;
				SKIP_INSTALL = YES;
				VERSIONING_SYSTEM = "apple-generic";
			};
			name = Release;
		};
		91D373EBF1875E2CB6A2EE61 /* Release */ = {
			isa = XCBuildConfiguration;
			buildSettings = {
				BUNDLE_LOADER = "$(TEST_HOST)";
				COMBINE_HIDPI_IMAGES = YES;
				GENERATE_INFOPLIST_FILE = YES;
				LD_RUNPATH_SEARCH_PATHS = (
					"$(inherited)",
					"@executable_path/../Frameworks",
					"@loader_path/../Frameworks",
				);
				PRODUCT_BUNDLE_IDENTIFIER = com.sidetap.SidetapCoreTests;
				SDKROOT = macosx;
			};
			name = Release;
		};
		921ACCF04315BC01ADBB0C92 /* Debug */ = {
			isa = XCBuildConfiguration;
			buildSettings = {
				BUNDLE_LOADER = "$(TEST_HOST)";
				COMBINE_HIDPI_IMAGES = YES;
				GENERATE_INFOPLIST_FILE = YES;
				LD_RUNPATH_SEARCH_PATHS = (
					"$(inherited)",
					"@executable_path/../Frameworks",
					"@loader_path/../Frameworks",
				);
				PRODUCT_BUNDLE_IDENTIFIER = com.sidetap.SidetapCoreTests;
				SDKROOT = macosx;
			};
			name = Debug;
		};
		9705E71458E25BD3D8FDC1A0 /* Release */ = {
			isa = XCBuildConfiguration;
			buildSettings = {
				BUNDLE_LOADER = "$(TEST_HOST)";
				COMBINE_HIDPI_IMAGES = YES;
				GENERATE_INFOPLIST_FILE = YES;
				LD_RUNPATH_SEARCH_PATHS = (
					"$(inherited)",
					"@executable_path/../Frameworks",
					"@loader_path/../Frameworks",
				);
				PRODUCT_BUNDLE_IDENTIFIER = com.sidetap.SidetapAppTests;
				SDKROOT = macosx;
			};
			name = Release;
		};
		9E03384EAF4AF3093A337B43 /* Debug */ = {
			isa = XCBuildConfiguration;
			buildSettings = {
				COMBINE_HIDPI_IMAGES = YES;
				GENERATE_INFOPLIST_FILE = YES;
				LD_RUNPATH_SEARCH_PATHS = (
					"$(inherited)",
					"@executable_path/../Frameworks",
				);
				PRODUCT_BUNDLE_IDENTIFIER = com.sidetap.SidetapSoak;
				SDKROOT = macosx;
			};
			name = Debug;
		};
		9F1B985D6CCDABA27CF65162 /* Debug */ = {
			isa = XCBuildConfiguration;
			buildSettings = {
				ASSETCATALOG_COMPILER_APPICON_NAME = AppIcon;
				CODE_SIGN_ENTITLEMENTS = Config/Sidetap.entitlements;
				CODE_SIGN_IDENTITY = "Apple Development";
				CODE_SIGN_STYLE = Automatic;
				COMBINE_HIDPI_IMAGES = YES;
				ENABLE_APP_SANDBOX = YES;
				ENABLE_HARDENED_RUNTIME = YES;
				INFOPLIST_FILE = "Config/Sidetap-Info.plist";
				LD_RUNPATH_SEARCH_PATHS = (
					"$(inherited)",
					"@executable_path/../Frameworks",
				);
				PRODUCT_BUNDLE_IDENTIFIER = com.sidetap.app;
				PRODUCT_NAME = Sidetap;
				SDKROOT = macosx;
			};
			name = Debug;
		};
		BB2D63E1B45AC510390F0FB1 /* Debug */ = {
			isa = XCBuildConfiguration;
			buildSettings = {
				COMBINE_HIDPI_IMAGES = YES;
				GENERATE_INFOPLIST_FILE = YES;
				LD_RUNPATH_SEARCH_PATHS = (
					"$(inherited)",
					"@executable_path/../Frameworks",
				);
				PRODUCT_BUNDLE_IDENTIFIER = com.sidetap.SidetapRouteCheck;
				SDKROOT = macosx;
			};
			name = Debug;
		};
		BF73D37A0248ECB4FEE4EEF1 /* Release */ = {
			isa = XCBuildConfiguration;
			buildSettings = {
				COMBINE_HIDPI_IMAGES = YES;
				GENERATE_INFOPLIST_FILE = YES;
				LD_RUNPATH_SEARCH_PATHS = (
					"$(inherited)",
					"@executable_path/../Frameworks",
				);
				PRODUCT_BUNDLE_IDENTIFIER = com.sidetap.SidetapSoak;
				SDKROOT = macosx;
			};
			name = Release;
		};
		C293F9D6515ABD1AC1B8307F /* Release */ = {
			isa = XCBuildConfiguration;
			buildSettings = {
				ALWAYS_SEARCH_USER_PATHS = NO;
				CLANG_ANALYZER_NONNULL = YES;
				CLANG_ANALYZER_NUMBER_OBJECT_CONVERSION = YES_AGGRESSIVE;
				CLANG_CXX_LANGUAGE_STANDARD = "gnu++14";
				CLANG_CXX_LIBRARY = "libc++";
				CLANG_ENABLE_MODULES = YES;
				CLANG_ENABLE_OBJC_ARC = YES;
				CLANG_ENABLE_OBJC_WEAK = YES;
				CLANG_WARN_BLOCK_CAPTURE_AUTORELEASING = YES;
				CLANG_WARN_BOOL_CONVERSION = YES;
				CLANG_WARN_COMMA = YES;
				CLANG_WARN_CONSTANT_CONVERSION = YES;
				CLANG_WARN_DEPRECATED_OBJC_IMPLEMENTATIONS = YES;
				CLANG_WARN_DIRECT_OBJC_ISA_USAGE = YES_ERROR;
				CLANG_WARN_DOCUMENTATION_COMMENTS = YES;
				CLANG_WARN_EMPTY_BODY = YES;
				CLANG_WARN_ENUM_CONVERSION = YES;
				CLANG_WARN_INFINITE_RECURSION = YES;
				CLANG_WARN_INT_CONVERSION = YES;
				CLANG_WARN_NON_LITERAL_NULL_CONVERSION = YES;
				CLANG_WARN_OBJC_IMPLICIT_RETAIN_SELF = YES;
				CLANG_WARN_OBJC_LITERAL_CONVERSION = YES;
				CLANG_WARN_OBJC_ROOT_CLASS = YES_ERROR;
				CLANG_WARN_QUOTED_INCLUDE_IN_FRAMEWORK_HEADER = YES;
				CLANG_WARN_RANGE_LOOP_ANALYSIS = YES;
				CLANG_WARN_STRICT_PROTOTYPES = YES;
				CLANG_WARN_SUSPICIOUS_MOVE = YES;
				CLANG_WARN_UNGUARDED_AVAILABILITY = YES_AGGRESSIVE;
				CLANG_WARN_UNREACHABLE_CODE = YES;
				CLANG_WARN__DUPLICATE_METHOD_MATCH = YES;
				COPY_PHASE_STRIP = NO;
				CURRENT_PROJECT_VERSION = 1;
				DEBUG_INFORMATION_FORMAT = "dwarf-with-dsym";
				ENABLE_NS_ASSERTIONS = NO;
				ENABLE_STRICT_OBJC_MSGSEND = YES;
				ENABLE_USER_SCRIPT_SANDBOXING = YES;
				GCC_C_LANGUAGE_STANDARD = gnu11;
				GCC_NO_COMMON_BLOCKS = YES;
				GCC_WARN_64_TO_32_BIT_CONVERSION = YES;
				GCC_WARN_ABOUT_RETURN_TYPE = YES_ERROR;
				GCC_WARN_UNDECLARED_SELECTOR = YES;
				GCC_WARN_UNINITIALIZED_AUTOS = YES_AGGRESSIVE;
				GCC_WARN_UNUSED_FUNCTION = YES;
				GCC_WARN_UNUSED_VARIABLE = YES;
				MACOSX_DEPLOYMENT_TARGET = 14.0;
				MARKETING_VERSION = 0.1.0;
				MTL_ENABLE_DEBUG_INFO = NO;
				MTL_FAST_MATH = YES;
				PRODUCT_NAME = "$(TARGET_NAME)";
				SDKROOT = macosx;
				SWIFT_COMPILATION_MODE = wholemodule;
				SWIFT_OPTIMIZATION_LEVEL = "-O";
				SWIFT_VERSION = 5.0;
			};
			name = Release;
		};
/* End XCBuildConfiguration section */

/* Begin XCConfigurationList section */
		134021C4ABFB045E6ABBF5D9 /* Build configuration list for PBXNativeTarget "SidetapRouteCheck" */ = {
			isa = XCConfigurationList;
			buildConfigurations = (
				BB2D63E1B45AC510390F0FB1 /* Debug */,
				5951662C086669CF3677997E /* Release */,
			);
			defaultConfigurationIsVisible = 0;
			defaultConfigurationName = Debug;
		};
		4792A7CC7710EB12D819E8BC /* Build configuration list for PBXNativeTarget "Sidetap" */ = {
			isa = XCConfigurationList;
			buildConfigurations = (
				9F1B985D6CCDABA27CF65162 /* Debug */,
				45B8275E7632E36AF0BF4475 /* Release */,
			);
			defaultConfigurationIsVisible = 0;
			defaultConfigurationName = Debug;
		};
		6623E78E12F46EC38B8F7C0F /* Build configuration list for PBXProject "Sidetap" */ = {
			isa = XCConfigurationList;
			buildConfigurations = (
				6377537140791ED2E0990DC4 /* Debug */,
				C293F9D6515ABD1AC1B8307F /* Release */,
			);
			defaultConfigurationIsVisible = 0;
			defaultConfigurationName = Debug;
		};
		7EFD850A607C857A7A93D1AE /* Build configuration list for PBXNativeTarget "SidetapCoreTests" */ = {
			isa = XCConfigurationList;
			buildConfigurations = (
				921ACCF04315BC01ADBB0C92 /* Debug */,
				91D373EBF1875E2CB6A2EE61 /* Release */,
			);
			defaultConfigurationIsVisible = 0;
			defaultConfigurationName = Debug;
		};
		BA362B28099F3DDA39953F7B /* Build configuration list for PBXNativeTarget "SidetapSoak" */ = {
			isa = XCConfigurationList;
			buildConfigurations = (
				9E03384EAF4AF3093A337B43 /* Debug */,
				BF73D37A0248ECB4FEE4EEF1 /* Release */,
			);
			defaultConfigurationIsVisible = 0;
			defaultConfigurationName = Debug;
		};
		D7C9EED349E91EA073E708B5 /* Build configuration list for PBXNativeTarget "SidetapCore" */ = {
			isa = XCConfigurationList;
			buildConfigurations = (
				8D59C91CE6819636DC21D3C8 /* Debug */,
				8FF51D04EC98B49F827915F4 /* Release */,
			);
			defaultConfigurationIsVisible = 0;
			defaultConfigurationName = Debug;
		};
		E660083C0536043218B4D45B /* Build configuration list for PBXNativeTarget "SidetapAppTests" */ = {
			isa = XCConfigurationList;
			buildConfigurations = (
				1245A05E90F06D4F9BBB5782 /* Debug */,
				9705E71458E25BD3D8FDC1A0 /* Release */,
			);
			defaultConfigurationIsVisible = 0;
			defaultConfigurationName = Debug;
		};
/* End XCConfigurationList section */
	};
	rootObject = A73C00A61559F591E7147820 /* Project object */;
}
